lockfileVersion: '9.0'

settings:
  autoInstallPeers: true
  excludeLinksFromLockfile: false

importers:

  .:
    dependencies:
      '@mas.io/adc-miniu':
        specifier: ^1.0.0
        version: 1.0.0
      '@miniu/data':
        specifier: 2.1.0-alpha.0
        version: 2.1.0-alpha.0
      antd-mini:
        specifier: ^3.3.2
        version: 3.4.3

packages:

  '@mas.io/adc-miniu@1.0.0':
    resolution: {integrity: sha512-nNhFKAGhfdiZ5lEZHgLh9+Qu1Oz+7JYLlp6wd3vXhdAsqCF10zioBARsOJyUOkBJG7BT4I7bKgiwaf2dzsEMHQ==}
    engines: {node: '>=14.0.0'}

  '@mini-types/alipay@3.0.14':
    resolution: {integrity: sha512-FakzSsKvybtWlEIVTIRlr89kuQFn+XY86Ho9VUFFaKLplhW6Wx8FUxTDE7IzV7B9rT8DP/Icy637vUHlXPsw1g==}

  '@mini-types/global@3.0.14':
    resolution: {integrity: sha512-St2ucFRfKRskposOqV/9iNJTKn1MbyqDypQiy/0DaVJjEm2MFi82RJjX9sBz1uWhQIqzu741PgTjGSy7L/Qj9g==}

  '@mini-types/my@3.0.14':
    resolution: {integrity: sha512-aEgmM+rbEvEzTvqltCFRAg/h6KKs14M1y+FrOkz+hn2EyNpOVPesUzTjbRhSiFFsE3WdfBh54lHNYBahAmHq7w==}

  '@miniu/data@2.1.0-alpha.0':
    resolution: {integrity: sha512-whZz+g2ewNvwu4j+5for6PSozz86S+4Rc9r2CsaEwMtWiUG9lETGIeuYcQxzrnD/fCqvLE6EscPGWAulqNq76Q==}

  '@preact/signals-core@1.12.1':
    resolution: {integrity: sha512-BwbTXpj+9QutoZLQvbttRg5x3l5468qaV2kufh+51yha1c53ep5dY4kTuZR35+3pAZxpfQerGJiQqg34ZNZ6uA==}

  antd-mini@3.4.3:
    resolution: {integrity: sha512-VVTd78YeLA/wZZc0pijiiI2RvAmFJkGcrEzmPZmVviBRhrQAoxjeL4HNarFirRs3FhzpuGqq9PJu5921AwVwgw==}

  async-validator@4.2.5:
    resolution: {integrity: sha512-7HhHjtERjqlNbZtqNqy2rckN/SpOOlmDliet+lP7k+eKZEjPk3DgyeU9lIXLdeLz0uBbbVp+9Qdow9wJWgwwfg==}

  dayjs@1.11.7:
    resolution: {integrity: sha512-+Yw9U6YO5TQohxLcIkrXBeY73WP3ejHWVvx8XCk3gxvQDCTEmS48ZrSZCKciI7Bhl/uCMyxYtE9UqRILmFphkQ==}

  fast-deep-equal@3.1.3:
    resolution: {integrity: sha512-f3qQ9oQy9j2AhBe/H9VC91wLmKBCCU/gDOnKNAYG5hswO7BLKj09Hc5HYNz9cGI++xlpDCIgDaitVs03ATR84Q==}

  lodash.filter@4.6.0:
    resolution: {integrity: sha512-pXYUy7PR8BCLwX5mgJ/aNtyOvuJTdZAo9EQFUvMIYugqmJxnrYaANvTbgndOzHSCSR0wnlBBfRXJL5SbWxo3FQ==}

  lodash.get@4.4.2:
    resolution: {integrity: sha512-z+Uw/vLuy6gQe8cfaFWD7p0wVv8fJl3mbzXh33RS+0oW2wvUqiRXiQ69gLWSLpgB5/6sU+r6BlQR0MBILadqTQ==}
    deprecated: This package is deprecated. Use the optional chaining (?.) operator instead.

  lodash.isfunction@3.0.9:
    resolution: {integrity: sha512-AirXNj15uRIMMPihnkInB4i3NHeb4iBtNg9WRWuK2o31S+ePwwNmDPaTL3o7dTJ+VXNZim7rFs4rxN4YU1oUJw==}

  lodash.kebabcase@4.1.1:
    resolution: {integrity: sha512-N8XRTIMMqqDgSy4VLKPnJ/+hpGZN+PHQiJnSenYqPaVV/NCqEogTnAdZLQiGKhxX+JCs8waWq2t1XHWKOmlY8g==}

  lodash.reduce@4.6.0:
    resolution: {integrity: sha512-6raRe2vxCYBhpBu+B+TtNGUzah+hQjVdu3E17wfusjyrXBka2nBS8OH/gjVZ5PvHOhWmIZTYri09Z6n/QfnNMw==}

  mini-types@0.1.7:
    resolution: {integrity: sha512-aSoVvrIr/O9tbzFjSCeKr/T53Hu+un+FXkfWPfGcb/q8eAHXX1CDgSHv8l0GtFTlfHzznmn4hbRGB3UTWmZ3fA==}

  pinyin-firstletter@1.0.2:
    resolution: {integrity: sha512-6dDsbmij6Cp/e/dg+ICU0s+hpr1OQj63f/TQ2i+WSjKxY0Cnrnp5ZFLMY9gSMiv9xCMS/VB9SqjHNZmbwrjTKA==}

  tslib@2.5.0:
    resolution: {integrity: sha512-336iVw3rtn2BUK7ORdIAHTyxHGRIHVReokCR3XjbckJMK7ms8FysBfhLR8IXnAgy7T0PTPNBWKiH514FOW/WSg==}

snapshots:

  '@mas.io/adc-miniu@1.0.0': {}

  '@mini-types/alipay@3.0.14':
    dependencies:
      '@mini-types/global': 3.0.14
      '@mini-types/my': 3.0.14

  '@mini-types/global@3.0.14': {}

  '@mini-types/my@3.0.14': {}

  '@miniu/data@2.1.0-alpha.0':
    dependencies:
      mini-types: 0.1.7

  '@preact/signals-core@1.12.1': {}

  antd-mini@3.4.3:
    dependencies:
      '@mini-types/alipay': 3.0.14
      '@preact/signals-core': 1.12.1
      async-validator: 4.2.5
      dayjs: 1.11.7
      fast-deep-equal: 3.1.3
      lodash.filter: 4.6.0
      lodash.get: 4.4.2
      lodash.isfunction: 3.0.9
      lodash.kebabcase: 4.1.1
      lodash.reduce: 4.6.0
      pinyin-firstletter: 1.0.2
      tslib: 2.5.0

  async-validator@4.2.5: {}

  dayjs@1.11.7: {}

  fast-deep-equal@3.1.3: {}

  lodash.filter@4.6.0: {}

  lodash.get@4.4.2: {}

  lodash.isfunction@3.0.9: {}

  lodash.kebabcase@4.1.1: {}

  lodash.reduce@4.6.0: {}

  mini-types@0.1.7: {}

  pinyin-firstletter@1.0.2: {}

  tslib@2.5.0: {}
